
Microsoft Visual Studio Solution File, Format Version 12.00
# Visual Studio 2012
Project("{FAE04EC0-301F-11D3-BF4B-00C04F79EFBC}") = "uto3-2014", "uto3-2014\uto3-2014.csproj", "{EF63C448-68F0-4144-A3AA-502ABA04D4DB}"
EndProject
Global
	GlobalSection(SolutionConfigurationPlatforms) = preSolution
		Debug|Any CPU = Debug|Any CPU
		Release|Any CPU = Release|Any CPU
	EndGlobalSection
	GlobalSection(ProjectConfigurationPlatforms) = postSolution
		{EF63C448-68F0-4144-A3AA-502ABA04D4DB}.Debug|Any CPU.ActiveCfg = Debug|Any CPU
		{EF63C448-68F0-4144-A3AA-502ABA04D4DB}.Debug|Any CPU.Build.0 = Debug|Any CPU
		{EF63C448-68F0-4144-A3AA-502ABA04D4DB}.Release|Any CPU.ActiveCfg = Release|Any CPU
		{EF63C448-68F0-4144-A3AA-502ABA04D4DB}.Release|Any CPU.Build.0 = Release|Any CPU
	EndGlobalSection
	GlobalSection(SolutionProperties) = preSolution
		HideSolutionNode = FALSE
	EndGlobalSection
EndGlobal
